
Microsoft Visual Studio Solution File, Format Version 12.00
# Visual Studio Version 16
VisualStudioVersion = 16.0.31229.75
MinimumVisualStudioVersion = 10.0.40219.1
Project("{9A19103F-16F7-4668-BE54-9A1E7A4F7556}") = "XMLCreating", "XMLCreating.csproj", "{38A77261-8178-4BDF-8549-DA950923FFB5}"
EndProject
Project("{9A19103F-16F7-4668-BE54-9A1E7A4F7556}") = "ReadAnyXML", "..\ReadAnyXML\ReadAnyXML.csproj", "{D54135BB-3413-4BE7-87D4-D4139738D54C}"
EndProject
Project("{9A19103F-16F7-4668-BE54-9A1E7A4F7556}") = "WinFormsApp1", "..\WinFormsApp1\WinFormsApp1.csproj", "{3083DA9C-0DC7-4E18-A504-4ED858645564}"
EndProject
Global
	GlobalSection(SolutionConfigurationPlatforms) = preSolution
		Debug|Any CPU = Debug|Any CPU
		Release|Any CPU = Release|Any CPU
	EndGlobalSection
	GlobalSection(ProjectConfigurationPlatforms) = postSolution
		{38A77261-8178-4BDF-8549-DA950923FFB5}.Debug|Any CPU.ActiveCfg = Debug|Any CPU
		{38A77261-8178-4BDF-8549-DA950923FFB5}.Debug|Any CPU.Build.0 = Debug|Any CPU
		{38A77261-8178-4BDF-8549-DA950923FFB5}.Release|Any CPU.ActiveCfg = Release|Any CPU
		{38A77261-8178-4BDF-8549-DA950923FFB5}.Release|Any CPU.Build.0 = Release|Any CPU
		{D54135BB-3413-4BE7-87D4-D4139738D54C}.Debug|Any CPU.ActiveCfg = Debug|Any CPU
		{D54135BB-3413-4BE7-87D4-D4139738D54C}.Debug|Any CPU.Build.0 = Debug|Any CPU
		{D54135BB-3413-4BE7-87D4-D4139738D54C}.Release|Any CPU.ActiveCfg = Release|Any CPU
		{D54135BB-3413-4BE7-87D4-D4139738D54C}.Release|Any CPU.Build.0 = Release|Any CPU
		{3083DA9C-0DC7-4E18-A504-4ED858645564}.Debug|Any CPU.ActiveCfg = Debug|Any CPU
		{3083DA9C-0DC7-4E18-A504-4ED858645564}.Debug|Any CPU.Build.0 = Debug|Any CPU
		{3083DA9C-0DC7-4E18-A504-4ED858645564}.Release|Any CPU.ActiveCfg = Release|Any CPU
		{3083DA9C-0DC7-4E18-A504-4ED858645564}.Release|Any CPU.Build.0 = Release|Any CPU
	EndGlobalSection
	GlobalSection(SolutionProperties) = preSolution
		HideSolutionNode = FALSE
	EndGlobalSection
	GlobalSection(ExtensibilityGlobals) = postSolution
		SolutionGuid = {256FA736-340B-401F-BA68-013B1A329401}
	EndGlobalSection
EndGlobal
